// !$*UTF8*$!
{
	archiveVersion = 1;
	classes = {
	};
	objectVersion = 50;
	objects = {

/* Begin PBXBuildFile section */
		CBC8CED520CA8BE100F2E499 /* main.cpp in Sources */ = {isa = PBXBuildFile; fileRef = CBC8CED420CA8BE100F2E499 /* main.cpp */; };
		CBC8CEDF20CA8C3100F2E499 /* CUrlParsingError.cpp in Sources */ = {isa = PBXBuildFile; fileRef = CBC8CEDC20CA8C3100F2E499 /* CUrlParsingError.cpp */; };
		CBC8CEE020CA8C3100F2E499 /* CHttpUrl.cpp in Sources */ = {isa = PBXBuildFile; fileRef = CBC8CEDE20CA8C3100F2E499 /* CHttpUrl.cpp */; };
/* End PBXBuildFile section */

/* Begin PBXCopyFilesBuildPhase section */
		CBC8CECF20CA8BE100F2E499 /* CopyFiles */ = {
			isa = PBXCopyFilesBuildPhase;
			buildActionMask = 2147483647;
			dstPath = /usr/share/man/man1/;
			dstSubfolderSpec = 0;
			files = (
			);
			runOnlyForDeploymentPostprocessing = 1;
		};
/* End PBXCopyFilesBuildPhase section */

/* Begin PBXFileReference section */
		CBC8CED120CA8BE100F2E499 /* TestHttpURL */ = {isa = PBXFileReference; explicitFileType = "compiled.mach-o.executable"; includeInIndex = 0; path = TestHttpURL; sourceTree = BUILT_PRODUCTS_DIR; };
		CBC8CED420CA8BE100F2E499 /* main.cpp */ = {isa = PBXFileReference; lastKnownFileType = sourcecode.cpp.cpp; path = main.cpp; sourceTree = "<group>"; };
		CBC8CEDB20CA8C3100F2E499 /* CHttpUrl.hpp */ = {isa = PBXFileReference; fileEncoding = 4; lastKnownFileType = sourcecode.cpp.h; name = CHttpUrl.hpp; path = ../httpURL/httpURL/CHttpUrl.hpp; sourceTree = "<group>"; };
		CBC8CEDC20CA8C3100F2E499 /* CUrlParsingError.cpp */ = {isa = PBXFileReference; fileEncoding = 4; lastKnownFileType = sourcecode.cpp.cpp; name = CUrlParsingError.cpp; path = ../httpURL/httpURL/CUrlParsingError.cpp; sourceTree = "<group>"; };
		CBC8CEDD20CA8C3100F2E499 /* CUrlParsingError.hpp */ = {isa = PBXFileReference; fileEncoding = 4; lastKnownFileType = sourcecode.cpp.h; name = CUrlParsingError.hpp; path = ../httpURL/httpURL/CUrlParsingError.hpp; sourceTree = "<group>"; };
		CBC8CEDE20CA8C3100F2E499 /* CHttpUrl.cpp */ = {isa = PBXFileReference; fileEncoding = 4; lastKnownFileType = sourcecode.cpp.cpp; name = CHttpUrl.cpp; path = ../httpURL/httpURL/CHttpUrl.cpp; sourceTree = "<group>"; };
/* End PBXFileReference section */

/* Begin PBXFrameworksBuildPhase section */
		CBC8CECE20CA8BE100F2E499 /* Frameworks */ = {
			isa = PBXFrameworksBuildPhase;
			buildActionMask = 2147483647;
			files = (
			);
			runOnlyForDeploymentPostprocessing = 0;
		};
/* End PBXFrameworksBuildPhase section */

/* Begin PBXGroup section */
		CBC8CEC820CA8BE100F2E499 = {
			isa = PBXGroup;
			children = (
				CBC8CEDE20CA8C3100F2E499 /* CHttpUrl.cpp */,
				CBC8CEDB20CA8C3100F2E499 /* CHttpUrl.hpp */,
				CBC8CEDC20CA8C3100F2E499 /* CUrlParsingError.cpp */,
				CBC8CEDD20CA8C3100F2E499 /* CUrlParsingError.hpp */,
				CBC8CED320CA8BE100F2E499 /* TestHttpURL */,
				CBC8CED220CA8BE100F2E499 /* Products */,
			);
			sourceTree = "<group>";
		};
		CBC8CED220CA8BE100F2E499 /* Products */ = {
			isa = PBXGroup;
			children = (
				CBC8CED120CA8BE100F2E499 /* TestHttpURL */,
			);
			name = Products;
			sourceTree = "<group>";
		};
		CBC8CED320CA8BE100F2E499 /* TestHttpURL */ = {
			isa = PBXGroup;
			children = (
				CBC8CED420CA8BE100F2E499 /* main.cpp */,
			);
			path = TestHttpURL;
			sourceTree = "<group>";
		};
/* End PBXGroup section */

/* Begin PBXNativeTarget section */
		CBC8CED020CA8BE100F2E499 /* TestHttpURL */ = {
			isa = PBXNativeTarget;
			buildConfigurationList = CBC8CED820CA8BE100F2E499 /* Build configuration list for PBXNativeTarget "TestHttpURL" */;
			buildPhases = (
				CBC8CECD20CA8BE100F2E499 /* Sources */,
				CBC8CECE20CA8BE100F2E499 /* Frameworks */,
				CBC8CECF20CA8BE100F2E499 /* CopyFiles */,
			);
			buildRules = (
			);
			dependencies = (
			);
			name = TestHttpURL;
			productName = TestHttpURL;
			productReference = CBC8CED120CA8BE100F2E499 /* TestHttpURL */;
			productType = "com.apple.product-type.tool";
		};
/* End PBXNativeTarget section */

/* Begin PBXProject section */
		CBC8CEC920CA8BE100F2E499 /* Project object */ = {
			isa = PBXProject;
			attributes = {
				LastUpgradeCheck = 0940;
				ORGANIZATIONNAME = Moore;
				TargetAttributes = {
					CBC8CED020CA8BE100F2E499 = {
						CreatedOnToolsVersion = 9.4;
					};
				};
			};
			buildConfigurationList = CBC8CECC20CA8BE100F2E499 /* Build configuration list for PBXProject "TestHttpURL" */;
			compatibilityVersion = "Xcode 9.3";
			developmentRegion = en;
			hasScannedForEncodings = 0;
			knownRegions = (
				en,
			);
			mainGroup = CBC8CEC820CA8BE100F2E499;
			productRefGroup = CBC8CED220CA8BE100F2E499 /* Products */;
			projectDirPath = "";
			projectRoot = "";
			targets = (
				CBC8CED020CA8BE100F2E499 /* TestHttpURL */,
			);
		};
/* End PBXProject section */

/* Begin PBXSourcesBuildPhase section */
		CBC8CECD20CA8BE100F2E499 /* Sources */ = {
			isa = PBXSourcesBuildPhase;
			buildActionMask = 2147483647;
			files = (
				CBC8CED520CA8BE100F2E499 /* main.cpp in Sources */,
				CBC8CEDF20CA8C3100F2E499 /* CUrlParsingError.cpp in Sources */,
				CBC8CEE020CA8C3100F2E499 /* CHttpUrl.cpp in Sources */,
			);
			runOnlyForDeploymentPostprocessing = 0;
		};
/* End PBXSourcesBuildPhase section */

/* Begin XCBuildConfiguration section */
		CBC8CED620CA8BE100F2E499 /* Debug */ = {
			isa = XCBuildConfiguration;
			buildSettings = {
				ALWAYS_SEARCH_USER_PATHS = NO;
				CLANG_ANALYZER_NONNULL = YES;
				CLANG_ANALYZER_NUMBER_OBJECT_CONVERSION = YES_AGGRESSIVE;
				CLANG_CXX_LANGUAGE_STANDARD = "gnu++14";
				CLANG_CXX_LIBRARY = "libc++";
				CLANG_ENABLE_MODULES = YES;
				CLANG_ENABLE_OBJC_ARC = YES;
				CLANG_ENABLE_OBJC_WEAK = YES;
				CLANG_WARN_BLOCK_CAPTURE_AUTORELEASING = YES;
				CLANG_WARN_BOOL_CONVERSION = YES;
				CLANG_WARN_COMMA = YES;
				CLANG_WARN_CONSTANT_CONVERSION = YES;
				CLANG_WARN_DEPRECATED_OBJC_IMPLEMENTATIONS = YES;
				CLANG_WARN_DIRECT_OBJC_ISA_USAGE = YES_ERROR;
				CLANG_WARN_DOCUMENTATION_COMMENTS = YES;
				CLANG_WARN_EMPTY_BODY = YES;
				CLANG_WARN_ENUM_CONVERSION = YES;
				CLANG_WARN_INFINITE_RECURSION = YES;
				CLANG_WARN_INT_CONVERSION = YES;
				CLANG_WARN_NON_LITERAL_NULL_CONVERSION = YES;
				CLANG_WARN_OBJC_IMPLICIT_RETAIN_SELF = YES;
				CLANG_WARN_OBJC_LITERAL_CONVERSION = YES;
				CLANG_WARN_OBJC_ROOT_CLASS = YES_ERROR;
				CLANG_WARN_RANGE_LOOP_ANALYSIS = YES;
				CLANG_WARN_STRICT_PROTOTYPES = YES;
				CLANG_WARN_SUSPICIOUS_MOVE = YES;
				CLANG_WARN_UNGUARDED_AVAILABILITY = YES_AGGRESSIVE;
				CLANG_WARN_UNREACHABLE_CODE = YES;
				CLANG_WARN__DUPLICATE_METHOD_MATCH = YES;
				CODE_SIGN_IDENTITY = "Mac Developer";
				COPY_PHASE_STRIP = NO;
				DEBUG_INFORMATION_FORMAT = dwarf;
				ENABLE_STRICT_OBJC_MSGSEND = YES;
				ENABLE_TESTABILITY = YES;
				GCC_C_LANGUAGE_STANDARD = gnu11;
				GCC_DYNAMIC_NO_PIC = NO;
				GCC_NO_COMMON_BLOCKS = YES;
				GCC_OPTIMIZATION_LEVEL = 0;
				GCC_PREPROCESSOR_DEFINITIONS = (
					"DEBUG=1",
					"$(inherited)",
				);
				GCC_WARN_64_TO_32_BIT_CONVERSION = YES;
				GCC_WARN_ABOUT_RETURN_TYPE = YES_ERROR;
				GCC_WARN_UNDECLARED_SELECTOR = YES;
				GCC_WARN_UNINITIALIZED_AUTOS = YES_AGGRESSIVE;
				GCC_WARN_UNUSED_FUNCTION = YES;
				GCC_WARN_UNUSED_VARIABLE = YES;
				MACOSX_DEPLOYMENT_TARGET = 10.13;
				MTL_ENABLE_DEBUG_INFO = YES;
				ONLY_ACTIVE_ARCH = YES;
				SDKROOT = macosx;
			};
			name = Debug;
		};
		CBC8CED720CA8BE100F2E499 /* Release */ = {
			isa = XCBuildConfiguration;
			buildSettings = {
				ALWAYS_SEARCH_USER_PATHS = NO;
				CLANG_ANALYZER_NONNULL = YES;
				CLANG_ANALYZER_NUMBER_OBJECT_CONVERSION = YES_AGGRESSIVE;
				CLANG_CXX_LANGUAGE_STANDARD = "gnu++14";
				CLANG_CXX_LIBRARY = "libc++";
				CLANG_ENABLE_MODULES = YES;
				CLANG_ENABLE_OBJC_ARC = YES;
				CLANG_ENABLE_OBJC_WEAK = YES;
				CLANG_WARN_BLOCK_CAPTURE_AUTORELEASING = YES;
				CLANG_WARN_BOOL_CONVERSION = YES;
				CLANG_WARN_COMMA = YES;
				CLANG_WARN_CONSTANT_CONVERSION = YES;
				CLANG_WARN_DEPRECATED_OBJC_IMPLEMENTATIONS = YES;
				CLANG_WARN_DIRECT_OBJC_ISA_USAGE = YES_ERROR;
				CLANG_WARN_DOCUMENTATION_COMMENTS = YES;
				CLANG_WARN_EMPTY_BODY = YES;
				CLANG_WARN_ENUM_CONVERSION = YES;
				CLANG_WARN_INFINITE_RECURSION = YES;
				CLANG_WARN_INT_CONVERSION = YES;
				CLANG_WARN_NON_LITERAL_NULL_CONVERSION = YES;
				CLANG_WARN_OBJC_IMPLICIT_RETAIN_SELF = YES;
				CLANG_WARN_OBJC_LITERAL_CONVERSION = YES;
				CLANG_WARN_OBJC_ROOT_CLASS = YES_ERROR;
				CLANG_WARN_RANGE_LOOP_ANALYSIS = YES;
				CLANG_WARN_STRICT_PROTOTYPES = YES;
				CLANG_WARN_SUSPICIOUS_MOVE = YES;
				CLANG_WARN_UNGUARDED_AVAILABILITY = YES_AGGRESSIVE;
				CLANG_WARN_UNREACHABLE_CODE = YES;
				CLANG_WARN__DUPLICATE_METHOD_MATCH = YES;
				CODE_SIGN_IDENTITY = "Mac Developer";
				COPY_PHASE_STRIP = NO;
				DEBUG_INFORMATION_FORMAT = "dwarf-with-dsym";
				ENABLE_NS_ASSERTIONS = NO;
				ENABLE_STRICT_OBJC_MSGSEND = YES;
				GCC_C_LANGUAGE_STANDARD = gnu11;
				GCC_NO_COMMON_BLOCKS = YES;
				GCC_WARN_64_TO_32_BIT_CONVERSION = YES;
				GCC_WARN_ABOUT_RETURN_TYPE = YES_ERROR;
				GCC_WARN_UNDECLARED_SELECTOR = YES;
				GCC_WARN_UNINITIALIZED_AUTOS = YES_AGGRESSIVE;
				GCC_WARN_UNUSED_FUNCTION = YES;
				GCC_WARN_UNUSED_VARIABLE = YES;
				MACOSX_DEPLOYMENT_TARGET = 10.13;
				MTL_ENABLE_DEBUG_INFO = NO;
				SDKROOT = macosx;
			};
			name = Release;
		};
		CBC8CED920CA8BE100F2E499 /* Debug */ = {
			isa = XCBuildConfiguration;
			buildSettings = {
				CODE_SIGN_STYLE = Automatic;
				DEVELOPMENT_TEAM = DQ34MQ3ZUS;
				PRODUCT_NAME = "$(TARGET_NAME)";
			};
			name = Debug;
		};
		CBC8CEDA20CA8BE100F2E499 /* Release */ = {
			isa = XCBuildConfiguration;
			buildSettings = {
				CODE_SIGN_STYLE = Automatic;
				DEVELOPMENT_TEAM = DQ34MQ3ZUS;
				PRODUCT_NAME = "$(TARGET_NAME)";
			};
			name = Release;
		};
/* End XCBuildConfiguration section */

/* Begin XCConfigurationList section */
		CBC8CECC20CA8BE100F2E499 /* Build configuration list for PBXProject "TestHttpURL" */ = {
			isa = XCConfigurationList;
			buildConfigurations = (
				CBC8CED620CA8BE100F2E499 /* Debug */,
				CBC8CED720CA8BE100F2E499 /* Release */,
			);
			defaultConfigurationIsVisible = 0;
			defaultConfigurationName = Release;
		};
		CBC8CED820CA8BE100F2E499 /* Build configuration list for PBXNativeTarget "TestHttpURL" */ = {
			isa = XCConfigurationList;
			buildConfigurations = (
				CBC8CED920CA8BE100F2E499 /* Debug */,
				CBC8CEDA20CA8BE100F2E499 /* Release */,
			);
			defaultConfigurationIsVisible = 0;
			defaultConfigurationName = Release;
		};
/* End XCConfigurationList section */
	};
	rootObject = CBC8CEC920CA8BE100F2E499 /* Project object */;
}
