// !$*UTF8*$!
{
	archiveVersion = 1;
	classes = {
	};
	objectVersion = 50;
	objects = {

/* Begin PBXBuildFile section */
		CB327C2E20AC101900B36343 /* operations.cpp in Sources */ = {isa = PBXBuildFile; fileRef = CB327C2D20AC101900B36343 /* operations.cpp */; };
		CB8E2EFE20A5C73000D04F19 /* main.cpp in Sources */ = {isa = PBXBuildFile; fileRef = CB8E2EFD20A5C73000D04F19 /* main.cpp */; };
		CB8E2F0920A5CBB900D04F19 /* CLineSegment.cpp in Sources */ = {isa = PBXBuildFile; fileRef = CB8E2F0520A5CBB900D04F19 /* CLineSegment.cpp */; };
		CB8E2F0D20A65A0500D04F19 /* CTriangle.cpp in Sources */ = {isa = PBXBuildFile; fileRef = CB8E2F0B20A65A0400D04F19 /* CTriangle.cpp */; };
		CBE3CF7620A66CD500740602 /* CRectangle.cpp in Sources */ = {isa = PBXBuildFile; fileRef = CBE3CF7420A66CD400740602 /* CRectangle.cpp */; };
		CBE3CF7920A6845700740602 /* CCircle.cpp in Sources */ = {isa = PBXBuildFile; fileRef = CBE3CF7720A6845700740602 /* CCircle.cpp */; };
/* End PBXBuildFile section */

/* Begin PBXCopyFilesBuildPhase section */
		CB8E2EF820A5C73000D04F19 /* CopyFiles */ = {
			isa = PBXCopyFilesBuildPhase;
			buildActionMask = 2147483647;
			dstPath = /usr/share/man/man1/;
			dstSubfolderSpec = 0;
			files = (
			);
			runOnlyForDeploymentPostprocessing = 1;
		};
/* End PBXCopyFilesBuildPhase section */

/* Begin PBXFileReference section */
		CB327C2C20AC101900B36343 /* operations.hpp */ = {isa = PBXFileReference; fileEncoding = 4; lastKnownFileType = sourcecode.cpp.h; name = operations.hpp; path = ../GeometricShapes/GeometricShapes/operations.hpp; sourceTree = "<group>"; };
		CB327C2D20AC101900B36343 /* operations.cpp */ = {isa = PBXFileReference; fileEncoding = 4; lastKnownFileType = sourcecode.cpp.cpp; name = operations.cpp; path = ../GeometricShapes/GeometricShapes/operations.cpp; sourceTree = "<group>"; };
		CB327C2F20AC103200B36343 /* ISolidShape.hpp */ = {isa = PBXFileReference; fileEncoding = 4; lastKnownFileType = sourcecode.cpp.h; name = ISolidShape.hpp; path = ../GeometricShapes/ISolidShape.hpp; sourceTree = "<group>"; };
		CB327C3020AC103200B36343 /* IShape.hpp */ = {isa = PBXFileReference; fileEncoding = 4; lastKnownFileType = sourcecode.cpp.h; name = IShape.hpp; path = ../GeometricShapes/IShape.hpp; sourceTree = "<group>"; };
		CB8E2EFA20A5C73000D04F19 /* TestsGeometricShapes */ = {isa = PBXFileReference; explicitFileType = "compiled.mach-o.executable"; includeInIndex = 0; path = TestsGeometricShapes; sourceTree = BUILT_PRODUCTS_DIR; };
		CB8E2EFD20A5C73000D04F19 /* main.cpp */ = {isa = PBXFileReference; lastKnownFileType = sourcecode.cpp.cpp; path = main.cpp; sourceTree = "<group>"; };
		CB8E2F0520A5CBB900D04F19 /* CLineSegment.cpp */ = {isa = PBXFileReference; fileEncoding = 4; lastKnownFileType = sourcecode.cpp.cpp; name = CLineSegment.cpp; path = ../GeometricShapes/GeometricShapes/CLineSegment.cpp; sourceTree = "<group>"; };
		CB8E2F0720A5CBB900D04F19 /* CLineSegment.hpp */ = {isa = PBXFileReference; fileEncoding = 4; lastKnownFileType = sourcecode.cpp.h; name = CLineSegment.hpp; path = ../GeometricShapes/GeometricShapes/CLineSegment.hpp; sourceTree = "<group>"; };
		CB8E2F0820A5CBB900D04F19 /* CPoint.hpp */ = {isa = PBXFileReference; fileEncoding = 4; lastKnownFileType = sourcecode.cpp.h; name = CPoint.hpp; path = ../GeometricShapes/GeometricShapes/CPoint.hpp; sourceTree = "<group>"; };
		CB8E2F0B20A65A0400D04F19 /* CTriangle.cpp */ = {isa = PBXFileReference; lastKnownFileType = sourcecode.cpp.cpp; name = CTriangle.cpp; path = ../GeometricShapes/GeometricShapes/CTriangle.cpp; sourceTree = "<group>"; };
		CB8E2F0C20A65A0400D04F19 /* CTriangle.hpp */ = {isa = PBXFileReference; lastKnownFileType = sourcecode.cpp.h; name = CTriangle.hpp; path = ../GeometricShapes/GeometricShapes/CTriangle.hpp; sourceTree = "<group>"; };
		CBE3CF7420A66CD400740602 /* CRectangle.cpp */ = {isa = PBXFileReference; lastKnownFileType = sourcecode.cpp.cpp; name = CRectangle.cpp; path = ../GeometricShapes/GeometricShapes/CRectangle.cpp; sourceTree = "<group>"; };
		CBE3CF7520A66CD500740602 /* CRectangle.hpp */ = {isa = PBXFileReference; lastKnownFileType = sourcecode.cpp.h; name = CRectangle.hpp; path = ../GeometricShapes/GeometricShapes/CRectangle.hpp; sourceTree = "<group>"; };
		CBE3CF7720A6845700740602 /* CCircle.cpp */ = {isa = PBXFileReference; lastKnownFileType = sourcecode.cpp.cpp; name = CCircle.cpp; path = ../GeometricShapes/GeometricShapes/CCircle.cpp; sourceTree = "<group>"; };
		CBE3CF7820A6845700740602 /* CCircle.hpp */ = {isa = PBXFileReference; lastKnownFileType = sourcecode.cpp.h; name = CCircle.hpp; path = ../GeometricShapes/GeometricShapes/CCircle.hpp; sourceTree = "<group>"; };
/* End PBXFileReference section */

/* Begin PBXFrameworksBuildPhase section */
		CB8E2EF720A5C73000D04F19 /* Frameworks */ = {
			isa = PBXFrameworksBuildPhase;
			buildActionMask = 2147483647;
			files = (
			);
			runOnlyForDeploymentPostprocessing = 0;
		};
/* End PBXFrameworksBuildPhase section */

/* Begin PBXGroup section */
		CB8E2EF120A5C73000D04F19 = {
			isa = PBXGroup;
			children = (
				CB327C3020AC103200B36343 /* IShape.hpp */,
				CB327C2F20AC103200B36343 /* ISolidShape.hpp */,
				CB327C2D20AC101900B36343 /* operations.cpp */,
				CB327C2C20AC101900B36343 /* operations.hpp */,
				CBE3CF7720A6845700740602 /* CCircle.cpp */,
				CBE3CF7820A6845700740602 /* CCircle.hpp */,
				CBE3CF7420A66CD400740602 /* CRectangle.cpp */,
				CBE3CF7520A66CD500740602 /* CRectangle.hpp */,
				CB8E2F0B20A65A0400D04F19 /* CTriangle.cpp */,
				CB8E2F0C20A65A0400D04F19 /* CTriangle.hpp */,
				CB8E2F0520A5CBB900D04F19 /* CLineSegment.cpp */,
				CB8E2F0720A5CBB900D04F19 /* CLineSegment.hpp */,
				CB8E2F0820A5CBB900D04F19 /* CPoint.hpp */,
				CB8E2EFC20A5C73000D04F19 /* TestsGeometricShapes */,
				CB8E2EFB20A5C73000D04F19 /* Products */,
			);
			sourceTree = "<group>";
		};
		CB8E2EFB20A5C73000D04F19 /* Products */ = {
			isa = PBXGroup;
			children = (
				CB8E2EFA20A5C73000D04F19 /* TestsGeometricShapes */,
			);
			name = Products;
			sourceTree = "<group>";
		};
		CB8E2EFC20A5C73000D04F19 /* TestsGeometricShapes */ = {
			isa = PBXGroup;
			children = (
				CB8E2EFD20A5C73000D04F19 /* main.cpp */,
			);
			path = TestsGeometricShapes;
			sourceTree = "<group>";
		};
/* End PBXGroup section */

/* Begin PBXNativeTarget section */
		CB8E2EF920A5C73000D04F19 /* TestsGeometricShapes */ = {
			isa = PBXNativeTarget;
			buildConfigurationList = CB8E2F0120A5C73000D04F19 /* Build configuration list for PBXNativeTarget "TestsGeometricShapes" */;
			buildPhases = (
				CB8E2EF620A5C73000D04F19 /* Sources */,
				CB8E2EF720A5C73000D04F19 /* Frameworks */,
				CB8E2EF820A5C73000D04F19 /* CopyFiles */,
			);
			buildRules = (
			);
			dependencies = (
			);
			name = TestsGeometricShapes;
			productName = TestsGeometricShapes;
			productReference = CB8E2EFA20A5C73000D04F19 /* TestsGeometricShapes */;
			productType = "com.apple.product-type.tool";
		};
/* End PBXNativeTarget section */

/* Begin PBXProject section */
		CB8E2EF220A5C73000D04F19 /* Project object */ = {
			isa = PBXProject;
			attributes = {
				LastUpgradeCheck = 0930;
				ORGANIZATIONNAME = Moore;
				TargetAttributes = {
					CB8E2EF920A5C73000D04F19 = {
						CreatedOnToolsVersion = 9.3;
					};
				};
			};
			buildConfigurationList = CB8E2EF520A5C73000D04F19 /* Build configuration list for PBXProject "TestsGeometricShapes" */;
			compatibilityVersion = "Xcode 9.3";
			developmentRegion = en;
			hasScannedForEncodings = 0;
			knownRegions = (
				en,
			);
			mainGroup = CB8E2EF120A5C73000D04F19;
			productRefGroup = CB8E2EFB20A5C73000D04F19 /* Products */;
			projectDirPath = "";
			projectRoot = "";
			targets = (
				CB8E2EF920A5C73000D04F19 /* TestsGeometricShapes */,
			);
		};
/* End PBXProject section */

/* Begin PBXSourcesBuildPhase section */
		CB8E2EF620A5C73000D04F19 /* Sources */ = {
			isa = PBXSourcesBuildPhase;
			buildActionMask = 2147483647;
			files = (
				CB8E2EFE20A5C73000D04F19 /* main.cpp in Sources */,
				CBE3CF7620A66CD500740602 /* CRectangle.cpp in Sources */,
				CBE3CF7920A6845700740602 /* CCircle.cpp in Sources */,
				CB8E2F0920A5CBB900D04F19 /* CLineSegment.cpp in Sources */,
				CB8E2F0D20A65A0500D04F19 /* CTriangle.cpp in Sources */,
				CB327C2E20AC101900B36343 /* operations.cpp in Sources */,
			);
			runOnlyForDeploymentPostprocessing = 0;
		};
/* End PBXSourcesBuildPhase section */

/* Begin XCBuildConfiguration section */
		CB8E2EFF20A5C73000D04F19 /* Debug */ = {
			isa = XCBuildConfiguration;
			buildSettings = {
				ALWAYS_SEARCH_USER_PATHS = NO;
				CLANG_ANALYZER_NONNULL = YES;
				CLANG_ANALYZER_NUMBER_OBJECT_CONVERSION = YES_AGGRESSIVE;
				CLANG_CXX_LANGUAGE_STANDARD = "gnu++14";
				CLANG_CXX_LIBRARY = "libc++";
				CLANG_ENABLE_MODULES = YES;
				CLANG_ENABLE_OBJC_ARC = YES;
				CLANG_ENABLE_OBJC_WEAK = YES;
				CLANG_WARN_BLOCK_CAPTURE_AUTORELEASING = YES;
				CLANG_WARN_BOOL_CONVERSION = YES;
				CLANG_WARN_COMMA = YES;
				CLANG_WARN_CONSTANT_CONVERSION = YES;
				CLANG_WARN_DEPRECATED_OBJC_IMPLEMENTATIONS = YES;
				CLANG_WARN_DIRECT_OBJC_ISA_USAGE = YES_ERROR;
				CLANG_WARN_DOCUMENTATION_COMMENTS = YES;
				CLANG_WARN_EMPTY_BODY = YES;
				CLANG_WARN_ENUM_CONVERSION = YES;
				CLANG_WARN_INFINITE_RECURSION = YES;
				CLANG_WARN_INT_CONVERSION = YES;
				CLANG_WARN_NON_LITERAL_NULL_CONVERSION = YES;
				CLANG_WARN_OBJC_IMPLICIT_RETAIN_SELF = YES;
				CLANG_WARN_OBJC_LITERAL_CONVERSION = YES;
				CLANG_WARN_OBJC_ROOT_CLASS = YES_ERROR;
				CLANG_WARN_RANGE_LOOP_ANALYSIS = YES;
				CLANG_WARN_STRICT_PROTOTYPES = YES;
				CLANG_WARN_SUSPICIOUS_MOVE = YES;
				CLANG_WARN_UNGUARDED_AVAILABILITY = YES_AGGRESSIVE;
				CLANG_WARN_UNREACHABLE_CODE = YES;
				CLANG_WARN__DUPLICATE_METHOD_MATCH = YES;
				CODE_SIGN_IDENTITY = "Mac Developer";
				COPY_PHASE_STRIP = NO;
				DEBUG_INFORMATION_FORMAT = dwarf;
				ENABLE_STRICT_OBJC_MSGSEND = YES;
				ENABLE_TESTABILITY = YES;
				GCC_C_LANGUAGE_STANDARD = gnu11;
				GCC_DYNAMIC_NO_PIC = NO;
				GCC_NO_COMMON_BLOCKS = YES;
				GCC_OPTIMIZATION_LEVEL = 0;
				GCC_PREPROCESSOR_DEFINITIONS = (
					"DEBUG=1",
					"$(inherited)",
				);
				GCC_WARN_64_TO_32_BIT_CONVERSION = YES;
				GCC_WARN_ABOUT_RETURN_TYPE = YES_ERROR;
				GCC_WARN_UNDECLARED_SELECTOR = YES;
				GCC_WARN_UNINITIALIZED_AUTOS = YES_AGGRESSIVE;
				GCC_WARN_UNUSED_FUNCTION = YES;
				GCC_WARN_UNUSED_VARIABLE = YES;
				MACOSX_DEPLOYMENT_TARGET = 10.13;
				MTL_ENABLE_DEBUG_INFO = YES;
				ONLY_ACTIVE_ARCH = YES;
				SDKROOT = macosx;
			};
			name = Debug;
		};
		CB8E2F0020A5C73000D04F19 /* Release */ = {
			isa = XCBuildConfiguration;
			buildSettings = {
				ALWAYS_SEARCH_USER_PATHS = NO;
				CLANG_ANALYZER_NONNULL = YES;
				CLANG_ANALYZER_NUMBER_OBJECT_CONVERSION = YES_AGGRESSIVE;
				CLANG_CXX_LANGUAGE_STANDARD = "gnu++14";
				CLANG_CXX_LIBRARY = "libc++";
				CLANG_ENABLE_MODULES = YES;
				CLANG_ENABLE_OBJC_ARC = YES;
				CLANG_ENABLE_OBJC_WEAK = YES;
				CLANG_WARN_BLOCK_CAPTURE_AUTORELEASING = YES;
				CLANG_WARN_BOOL_CONVERSION = YES;
				CLANG_WARN_COMMA = YES;
				CLANG_WARN_CONSTANT_CONVERSION = YES;
				CLANG_WARN_DEPRECATED_OBJC_IMPLEMENTATIONS = YES;
				CLANG_WARN_DIRECT_OBJC_ISA_USAGE = YES_ERROR;
				CLANG_WARN_DOCUMENTATION_COMMENTS = YES;
				CLANG_WARN_EMPTY_BODY = YES;
				CLANG_WARN_ENUM_CONVERSION = YES;
				CLANG_WARN_INFINITE_RECURSION = YES;
				CLANG_WARN_INT_CONVERSION = YES;
				CLANG_WARN_NON_LITERAL_NULL_CONVERSION = YES;
				CLANG_WARN_OBJC_IMPLICIT_RETAIN_SELF = YES;
				CLANG_WARN_OBJC_LITERAL_CONVERSION = YES;
				CLANG_WARN_OBJC_ROOT_CLASS = YES_ERROR;
				CLANG_WARN_RANGE_LOOP_ANALYSIS = YES;
				CLANG_WARN_STRICT_PROTOTYPES = YES;
				CLANG_WARN_SUSPICIOUS_MOVE = YES;
				CLANG_WARN_UNGUARDED_AVAILABILITY = YES_AGGRESSIVE;
				CLANG_WARN_UNREACHABLE_CODE = YES;
				CLANG_WARN__DUPLICATE_METHOD_MATCH = YES;
				CODE_SIGN_IDENTITY = "Mac Developer";
				COPY_PHASE_STRIP = NO;
				DEBUG_INFORMATION_FORMAT = "dwarf-with-dsym";
				ENABLE_NS_ASSERTIONS = NO;
				ENABLE_STRICT_OBJC_MSGSEND = YES;
				GCC_C_LANGUAGE_STANDARD = gnu11;
				GCC_NO_COMMON_BLOCKS = YES;
				GCC_WARN_64_TO_32_BIT_CONVERSION = YES;
				GCC_WARN_ABOUT_RETURN_TYPE = YES_ERROR;
				GCC_WARN_UNDECLARED_SELECTOR = YES;
				GCC_WARN_UNINITIALIZED_AUTOS = YES_AGGRESSIVE;
				GCC_WARN_UNUSED_FUNCTION = YES;
				GCC_WARN_UNUSED_VARIABLE = YES;
				MACOSX_DEPLOYMENT_TARGET = 10.13;
				MTL_ENABLE_DEBUG_INFO = NO;
				SDKROOT = macosx;
			};
			name = Release;
		};
		CB8E2F0220A5C73000D04F19 /* Debug */ = {
			isa = XCBuildConfiguration;
			buildSettings = {
				CODE_SIGN_STYLE = Automatic;
				DEVELOPMENT_TEAM = DQ34MQ3ZUS;
				PRODUCT_NAME = "$(TARGET_NAME)";
			};
			name = Debug;
		};
		CB8E2F0320A5C73000D04F19 /* Release */ = {
			isa = XCBuildConfiguration;
			buildSettings = {
				CODE_SIGN_STYLE = Automatic;
				DEVELOPMENT_TEAM = DQ34MQ3ZUS;
				PRODUCT_NAME = "$(TARGET_NAME)";
			};
			name = Release;
		};
/* End XCBuildConfiguration section */

/* Begin XCConfigurationList section */
		CB8E2EF520A5C73000D04F19 /* Build configuration list for PBXProject "TestsGeometricShapes" */ = {
			isa = XCConfigurationList;
			buildConfigurations = (
				CB8E2EFF20A5C73000D04F19 /* Debug */,
				CB8E2F0020A5C73000D04F19 /* Release */,
			);
			defaultConfigurationIsVisible = 0;
			defaultConfigurationName = Release;
		};
		CB8E2F0120A5C73000D04F19 /* Build configuration list for PBXNativeTarget "TestsGeometricShapes" */ = {
			isa = XCConfigurationList;
			buildConfigurations = (
				CB8E2F0220A5C73000D04F19 /* Debug */,
				CB8E2F0320A5C73000D04F19 /* Release */,
			);
			defaultConfigurationIsVisible = 0;
			defaultConfigurationName = Release;
		};
/* End XCConfigurationList section */
	};
	rootObject = CB8E2EF220A5C73000D04F19 /* Project object */;
}
