
Microsoft Visual Studio Solution File, Format Version 12.00
# Visual Studio 15
VisualStudioVersion = 15.0.27130.2027
MinimumVisualStudioVersion = 10.0.40219.1
Project("{8BC9CEB8-8B4A-11D0-8D11-00A0C91BC942}") = "1laboratoryWork", "1laboratoryWork\1laboratoryWork.vcxproj", "{FCAD421B-5D81-4193-A5E5-18340487D7AB}"
EndProject
Global
	GlobalSection(SolutionConfigurationPlatforms) = preSolution
		Debug|x64 = Debug|x64
		Debug|x86 = Debug|x86
		Release|x64 = Release|x64
		Release|x86 = Release|x86
	EndGlobalSection
	GlobalSection(ProjectConfigurationPlatforms) = postSolution
		{FCAD421B-5D81-4193-A5E5-18340487D7AB}.Debug|x64.ActiveCfg = Debug|x64
		{FCAD421B-5D81-4193-A5E5-18340487D7AB}.Debug|x64.Build.0 = Debug|x64
		{FCAD421B-5D81-4193-A5E5-18340487D7AB}.Debug|x86.ActiveCfg = Debug|Win32
		{FCAD421B-5D81-4193-A5E5-18340487D7AB}.Debug|x86.Build.0 = Debug|Win32
		{FCAD421B-5D81-4193-A5E5-18340487D7AB}.Release|x64.ActiveCfg = Release|x64
		{FCAD421B-5D81-4193-A5E5-18340487D7AB}.Release|x64.Build.0 = Release|x64
		{FCAD421B-5D81-4193-A5E5-18340487D7AB}.Release|x86.ActiveCfg = Release|Win32
		{FCAD421B-5D81-4193-A5E5-18340487D7AB}.Release|x86.Build.0 = Release|Win32
	EndGlobalSection
	GlobalSection(SolutionProperties) = preSolution
		HideSolutionNode = FALSE
	EndGlobalSection
	GlobalSection(ExtensibilityGlobals) = postSolution
		SolutionGuid = {043D0056-5441-40BF-A0D6-9B088A4893FF}
	EndGlobalSection
EndGlobal
